// !$*UTF8*$!
{
	archiveVersion = 1;
	classes = {
	};
	objectVersion = 56;
	objects = {

/* Begin PBXBuildFile section */
		015BE367159F949F8D3E802C /* Pods_prawko.framework in Frameworks */ = {isa = PBXBuildFile; fileRef = E5AC9C239FBD4A4CAEC00116 /* Pods_prawko.framework */; };
		A707EE30295663FA00CC4BDE /* DrivingLicenceCategory.swift in Sources */ = {isa = PBXBuildFile; fileRef = A707EE2F295663FA00CC4BDE /* DrivingLicenceCategory.swift */; };
		A707EE32295730C600CC4BDE /* ScheduledDay.swift in Sources */ = {isa = PBXBuildFile; fileRef = A707EE31295730C500CC4BDE /* ScheduledDay.swift */; };
		A707EE362957702800CC4BDE /* SearchResultsView.swift in Sources */ = {isa = PBXBuildFile; fileRef = A707EE352957702800CC4BDE /* SearchResultsView.swift */; };
		A70E0C272965F657004528AA /* DateExtensions.swift in Sources */ = {isa = PBXBuildFile; fileRef = A70E0C262965F657004528AA /* DateExtensions.swift */; };
		A72AB69F296E1303000279EA /* WatchlistRepository.swift in Sources */ = {isa = PBXBuildFile; fileRef = A72AB69E296E1303000279EA /* WatchlistRepository.swift */; };
		A72AB6A129709A12000279EA /* NotificationRowView.swift in Sources */ = {isa = PBXBuildFile; fileRef = A72AB6A029709A12000279EA /* NotificationRowView.swift */; };
		A73D83852A30CBA300C70CE9 /* WordFormDTO.swift in Sources */ = {isa = PBXBuildFile; fileRef = A73D83842A30CBA300C70CE9 /* WordFormDTO.swift */; };
		A73D83872A31BF1B00C70CE9 /* AddToWatchlistView.swift in Sources */ = {isa = PBXBuildFile; fileRef = A73D83862A31BF1B00C70CE9 /* AddToWatchlistView.swift */; };
		A73D838A2A362EEE00C70CE9 /* CompositionRoot.swift in Sources */ = {isa = PBXBuildFile; fileRef = A73D83892A362EEE00C70CE9 /* CompositionRoot.swift */; };
		A7581E962A478E94001F7E60 /* NotificationsSettingsAddResultVMProtocol.swift in Sources */ = {isa = PBXBuildFile; fileRef = A7581E952A478E94001F7E60 /* NotificationsSettingsAddResultVMProtocol.swift */; };
		A758E66429491E7000C269DD /* prawkoApp.swift in Sources */ = {isa = PBXBuildFile; fileRef = A758E66329491E7000C269DD /* prawkoApp.swift */; };
		A758E66629491E7000C269DD /* ContentView.swift in Sources */ = {isa = PBXBuildFile; fileRef = A758E66529491E7000C269DD /* ContentView.swift */; };
		A758E66829491E7300C269DD /* Assets.xcassets in Resources */ = {isa = PBXBuildFile; fileRef = A758E66729491E7300C269DD /* Assets.xcassets */; };
		A758E66B29491E7300C269DD /* Preview Assets.xcassets in Resources */ = {isa = PBXBuildFile; fileRef = A758E66A29491E7300C269DD /* Preview Assets.xcassets */; };
		A758E674294922FD00C269DD /* SearchView.swift in Sources */ = {isa = PBXBuildFile; fileRef = A758E673294922FD00C269DD /* SearchView.swift */; };
		A758E6762949231500C269DD /* NotificationsSettingsView.swift in Sources */ = {isa = PBXBuildFile; fileRef = A758E6752949231500C269DD /* NotificationsSettingsView.swift */; };
		A758E6782949241100C269DD /* UserInformationsView.swift in Sources */ = {isa = PBXBuildFile; fileRef = A758E6772949241100C269DD /* UserInformationsView.swift */; };
		A758E67A2949313200C269DD /* LoginView.swift in Sources */ = {isa = PBXBuildFile; fileRef = A758E6792949313100C269DD /* LoginView.swift */; };
		A75B60612A5F2C03005E9793 /* WatchRepository_Test.swift in Sources */ = {isa = PBXBuildFile; fileRef = A75B60602A5F2C03005E9793 /* WatchRepository_Test.swift */; };
		A7662CBC2A575D2500D894E7 /* README.md in Resources */ = {isa = PBXBuildFile; fileRef = A7662CBB2A575D2500D894E7 /* README.md */; };
		A76D12F4295123FC0007B11B /* Proviences.swift in Sources */ = {isa = PBXBuildFile; fileRef = A76D12F3295123FC0007B11B /* Proviences.swift */; };
		A770118329745B200058CC52 /* NotificationsSettingsViewModel.swift in Sources */ = {isa = PBXBuildFile; fileRef = A770118229745B200058CC52 /* NotificationsSettingsViewModel.swift */; };
		A78811952978853600DF1030 /* NoExamsView.swift in Sources */ = {isa = PBXBuildFile; fileRef = A78811942978853600DF1030 /* NoExamsView.swift */; };
		A78CFA22296C9771004BDD61 /* WatchlistElement.swift in Sources */ = {isa = PBXBuildFile; fileRef = A78CFA21296C9771004BDD61 /* WatchlistElement.swift */; };
		A78DC6FF29EAAAA600E1E4E4 /* BackgroundAppRefreshService.swift in Sources */ = {isa = PBXBuildFile; fileRef = A78DC6FE29EAAAA600E1E4E4 /* BackgroundAppRefreshService.swift */; };
		A797360729D5FA7400E97830 /* InfoCarRepository.swift in Sources */ = {isa = PBXBuildFile; fileRef = A797360629D5FA7400E97830 /* InfoCarRepository.swift */; };
		A797360A29D5FC3C00E97830 /* ApiConectionError.swift in Sources */ = {isa = PBXBuildFile; fileRef = A797360929D5FC3C00E97830 /* ApiConectionError.swift */; };
		A79A3719294942750012930F /* LoginService.swift in Sources */ = {isa = PBXBuildFile; fileRef = A79A3718294942750012930F /* LoginService.swift */; };
		A79A371B294943BE0012930F /* UrlConst.swift in Sources */ = {isa = PBXBuildFile; fileRef = A79A371A294943BE0012930F /* UrlConst.swift */; };
		A7A77086297DEB2400074D18 /* UserInformationsViewModel.swift in Sources */ = {isa = PBXBuildFile; fileRef = A7A77085297DEB2400074D18 /* UserInformationsViewModel.swift */; };
		A7AA2B9B2975FF5E00667D89 /* CommonProgressView.swift in Sources */ = {isa = PBXBuildFile; fileRef = A7AA2B9A2975FF5E00667D89 /* CommonProgressView.swift */; };
		A7ACD7962966025F0009E62A /* ExamRow.swift in Sources */ = {isa = PBXBuildFile; fileRef = A7ACD7952966025F0009E62A /* ExamRow.swift */; };
		A7ACD79829660F520009E62A /* ExamTypeEnum.swift in Sources */ = {isa = PBXBuildFile; fileRef = A7ACD79729660F510009E62A /* ExamTypeEnum.swift */; };
		A7B0308629688A1700B79BDC /* VerticalLabelStyle.swift in Sources */ = {isa = PBXBuildFile; fileRef = A7B0308529688A1700B79BDC /* VerticalLabelStyle.swift */; };
		A7B030882968A44800B79BDC /* CommonMethodsService.swift in Sources */ = {isa = PBXBuildFile; fileRef = A7B030872968A44800B79BDC /* CommonMethodsService.swift */; };
		A7B0308B2968A4D800B79BDC /* ExamCategoryConst.swift in Sources */ = {isa = PBXBuildFile; fileRef = A7B0308A2968A4D800B79BDC /* ExamCategoryConst.swift */; };
		A7B0308D2968A57E00B79BDC /* DrivingLicencesCategoriesConst.swift in Sources */ = {isa = PBXBuildFile; fileRef = A7B0308C2968A57E00B79BDC /* DrivingLicencesCategoriesConst.swift */; };
		A7B07D182A52136D0011C351 /* prawko_Tests.swift in Sources */ = {isa = PBXBuildFile; fileRef = A7B07D172A52136D0011C351 /* prawko_Tests.swift */; };
		A7B992BE29EDBCA9004B0510 /* WatchlistTask.swift in Sources */ = {isa = PBXBuildFile; fileRef = A7B992BD29EDBCA9004B0510 /* WatchlistTask.swift */; };
		A7B992C029EDC1C7004B0510 /* LoginError.swift in Sources */ = {isa = PBXBuildFile; fileRef = A7B992BF29EDC1C7004B0510 /* LoginError.swift */; };
		A7B992C229F7171C004B0510 /* WatchlistRepositoryError.swift in Sources */ = {isa = PBXBuildFile; fileRef = A7B992C129F7171C004B0510 /* WatchlistRepositoryError.swift */; };
		A7C2C07E2A1D333F00DD60BB /* Interceptor.swift in Sources */ = {isa = PBXBuildFile; fileRef = A7C2C07D2A1D333F00DD60BB /* Interceptor.swift */; };
		A7C3E94E296CAABB0047E08E /* ExamView.swift in Sources */ = {isa = PBXBuildFile; fileRef = A7C3E94D296CAABB0047E08E /* ExamView.swift */; };
		A7DA712E2A48610200AC6F22 /* NotificationsSettingsAddResultVMMock.swift in Sources */ = {isa = PBXBuildFile; fileRef = A7DA712D2A48610200AC6F22 /* NotificationsSettingsAddResultVMMock.swift */; };
		A7DA71322A487FD700AC6F22 /* NotificationsSettingsAddResultVMErrorMock.swift in Sources */ = {isa = PBXBuildFile; fileRef = A7DA71312A487FD700AC6F22 /* NotificationsSettingsAddResultVMErrorMock.swift */; };
		A7DA71342A48AA7A00AC6F22 /* MockError.swift in Sources */ = {isa = PBXBuildFile; fileRef = A7DA71332A48AA7A00AC6F22 /* MockError.swift */; };
		A7DA71392A48BA1300AC6F22 /* NotificationsSettingsVMProtocol.swift in Sources */ = {isa = PBXBuildFile; fileRef = A7DA71382A48BA1300AC6F22 /* NotificationsSettingsVMProtocol.swift */; };
		A7DA713B2A48C61F00AC6F22 /* NotificationsSettingsVMMock.swift in Sources */ = {isa = PBXBuildFile; fileRef = A7DA713A2A48C61F00AC6F22 /* NotificationsSettingsVMMock.swift */; };
		A7DA713E2A4A070800AC6F22 /* WatchlistRepositoryProtocol.swift in Sources */ = {isa = PBXBuildFile; fileRef = A7DA713D2A4A070800AC6F22 /* WatchlistRepositoryProtocol.swift */; };
		A7DA71412A4A0AFE00AC6F22 /* WatchlistRepositoryMock.swift in Sources */ = {isa = PBXBuildFile; fileRef = A7DA71402A4A0AFE00AC6F22 /* WatchlistRepositoryMock.swift */; };
		A7DA71442A4A177200AC6F22 /* SearchResultVMProtocol.swift in Sources */ = {isa = PBXBuildFile; fileRef = A7DA71432A4A177200AC6F22 /* SearchResultVMProtocol.swift */; };
		A7DA71482A4A1FB100AC6F22 /* SearchResultVMMock.swift in Sources */ = {isa = PBXBuildFile; fileRef = A7DA71472A4A1FB100AC6F22 /* SearchResultVMMock.swift */; };
		A7DA714A2A4C937600AC6F22 /* WordsFormVMProtocol.swift in Sources */ = {isa = PBXBuildFile; fileRef = A7DA71492A4C937600AC6F22 /* WordsFormVMProtocol.swift */; };
		A7DA714D2A4C977900AC6F22 /* WordsFormVMMock.swift in Sources */ = {isa = PBXBuildFile; fileRef = A7DA714C2A4C977900AC6F22 /* WordsFormVMMock.swift */; };
		A7DA71522A4CBDFD00AC6F22 /* LoginVMProtocol.swift in Sources */ = {isa = PBXBuildFile; fileRef = A7DA71512A4CBDFD00AC6F22 /* LoginVMProtocol.swift */; };
		A7DA71542A4CBF1600AC6F22 /* LoginVMMock.swift in Sources */ = {isa = PBXBuildFile; fileRef = A7DA71532A4CBF1600AC6F22 /* LoginVMMock.swift */; };
		A7DA71572A4CC84700AC6F22 /* LoginServiceProtocol.swift in Sources */ = {isa = PBXBuildFile; fileRef = A7DA71562A4CC84700AC6F22 /* LoginServiceProtocol.swift */; };
		A7DA71592A4CCABB00AC6F22 /* LoginServiceMock.swift in Sources */ = {isa = PBXBuildFile; fileRef = A7DA71582A4CCABB00AC6F22 /* LoginServiceMock.swift */; };
		A7DA715B2A4CD69400AC6F22 /* LoginServiceMockLoggedIn.swift in Sources */ = {isa = PBXBuildFile; fileRef = A7DA715A2A4CD69400AC6F22 /* LoginServiceMockLoggedIn.swift */; };
		A7DA715D2A500AA200AC6F22 /* InfoCarRepositoryMock.swift in Sources */ = {isa = PBXBuildFile; fileRef = A7DA715C2A500AA200AC6F22 /* InfoCarRepositoryMock.swift */; };
		A7DA715F2A500AB500AC6F22 /* InfoCarRepositoryProtocol.swift in Sources */ = {isa = PBXBuildFile; fileRef = A7DA715E2A500AB500AC6F22 /* InfoCarRepositoryProtocol.swift */; };
		A7DDDAEB2A684ACA00E82DE1 /* SearchResultVMMockWithError.swift in Sources */ = {isa = PBXBuildFile; fileRef = A7DDDAEA2A684ACA00E82DE1 /* SearchResultVMMockWithError.swift */; };
		A7DDDAF82A699A5D00E82DE1 /* ViewModelState.swift in Sources */ = {isa = PBXBuildFile; fileRef = A7DDDAF72A699A5D00E82DE1 /* ViewModelState.swift */; };
		A7DE9BFE296B53B8000C212A /* NotificationsSettingsAddResultViewModel.swift in Sources */ = {isa = PBXBuildFile; fileRef = A7DE9BFD296B53B8000C212A /* NotificationsSettingsAddResultViewModel.swift */; };
		A7DE9C00296B5F9E000C212A /* NotificationsSettingsAddResultView.swift in Sources */ = {isa = PBXBuildFile; fileRef = A7DE9BFF296B5F9E000C212A /* NotificationsSettingsAddResultView.swift */; };
		A7E42F08295A0BE40001DCA0 /* SearchResultViewModel.swift in Sources */ = {isa = PBXBuildFile; fileRef = A7E42F07295A0BE40001DCA0 /* SearchResultViewModel.swift */; };
		A7E82EBC2A27DDA400305B8F /* WordsForm.swift in Sources */ = {isa = PBXBuildFile; fileRef = A7E82EBB2A27DDA400305B8F /* WordsForm.swift */; };
		A7E82EBF2A2A5D5800305B8F /* WordsFormViewModel.swift in Sources */ = {isa = PBXBuildFile; fileRef = A7E82EBE2A2A5D5800305B8F /* WordsFormViewModel.swift */; };
		A7ECC80A2A23BF5E006A2B22 /* LoginViewModel.swift in Sources */ = {isa = PBXBuildFile; fileRef = A7ECC8092A23BF5E006A2B22 /* LoginViewModel.swift */; };
		A7ECC80F2A250B03006A2B22 /* AppState.swift in Sources */ = {isa = PBXBuildFile; fileRef = A7ECC80E2A250B03006A2B22 /* AppState.swift */; };
		A7FF8ECB2A1D466300FDBBAA /* APIManager.swift in Sources */ = {isa = PBXBuildFile; fileRef = A7FF8ECA2A1D466300FDBBAA /* APIManager.swift */; };
/* End PBXBuildFile section */

/* Begin PBXContainerItemProxy section */
		A7B07D192A52136D0011C351 /* PBXContainerItemProxy */ = {
			isa = PBXContainerItemProxy;
			containerPortal = A758E65829491E7000C269DD /* Project object */;
			proxyType = 1;
			remoteGlobalIDString = A758E65F29491E7000C269DD;
			remoteInfo = prawko;
		};
/* End PBXContainerItemProxy section */

/* Begin PBXFileReference section */
		10A3F31058C79D874E76FE0A /* Pods-prawko.debug.xcconfig */ = {isa = PBXFileReference; includeInIndex = 1; lastKnownFileType = text.xcconfig; name = "Pods-prawko.debug.xcconfig"; path = "Target Support Files/Pods-prawko/Pods-prawko.debug.xcconfig"; sourceTree = "<group>"; };
		8C907A30438571DD09CEC698 /* Pods-prawko.release.xcconfig */ = {isa = PBXFileReference; includeInIndex = 1; lastKnownFileType = text.xcconfig; name = "Pods-prawko.release.xcconfig"; path = "Target Support Files/Pods-prawko/Pods-prawko.release.xcconfig"; sourceTree = "<group>"; };
		A707EE2F295663FA00CC4BDE /* DrivingLicenceCategory.swift */ = {isa = PBXFileReference; lastKnownFileType = sourcecode.swift; path = DrivingLicenceCategory.swift; sourceTree = "<group>"; };
		A707EE31295730C500CC4BDE /* ScheduledDay.swift */ = {isa = PBXFileReference; lastKnownFileType = sourcecode.swift; path = ScheduledDay.swift; sourceTree = "<group>"; };
		A707EE352957702800CC4BDE /* SearchResultsView.swift */ = {isa = PBXFileReference; lastKnownFileType = sourcecode.swift; path = SearchResultsView.swift; sourceTree = "<group>"; };
		A70E0C262965F657004528AA /* DateExtensions.swift */ = {isa = PBXFileReference; lastKnownFileType = sourcecode.swift; path = DateExtensions.swift; sourceTree = "<group>"; };
		A72AB69E296E1303000279EA /* WatchlistRepository.swift */ = {isa = PBXFileReference; lastKnownFileType = sourcecode.swift; path = WatchlistRepository.swift; sourceTree = "<group>"; };
		A72AB6A029709A12000279EA /* NotificationRowView.swift */ = {isa = PBXFileReference; lastKnownFileType = sourcecode.swift; path = NotificationRowView.swift; sourceTree = "<group>"; };
		A73D83842A30CBA300C70CE9 /* WordFormDTO.swift */ = {isa = PBXFileReference; lastKnownFileType = sourcecode.swift; path = WordFormDTO.swift; sourceTree = "<group>"; };
		A73D83862A31BF1B00C70CE9 /* AddToWatchlistView.swift */ = {isa = PBXFileReference; lastKnownFileType = sourcecode.swift; path = AddToWatchlistView.swift; sourceTree = "<group>"; };
		A73D83892A362EEE00C70CE9 /* CompositionRoot.swift */ = {isa = PBXFileReference; lastKnownFileType = sourcecode.swift; path = CompositionRoot.swift; sourceTree = "<group>"; };
		A7581E952A478E94001F7E60 /* NotificationsSettingsAddResultVMProtocol.swift */ = {isa = PBXFileReference; lastKnownFileType = sourcecode.swift; path = NotificationsSettingsAddResultVMProtocol.swift; sourceTree = "<group>"; };
		A758E66029491E7000C269DD /* prawko.app */ = {isa = PBXFileReference; explicitFileType = wrapper.application; includeInIndex = 0; path = prawko.app; sourceTree = BUILT_PRODUCTS_DIR; };
		A758E66329491E7000C269DD /* prawkoApp.swift */ = {isa = PBXFileReference; lastKnownFileType = sourcecode.swift; path = prawkoApp.swift; sourceTree = "<group>"; };
		A758E66529491E7000C269DD /* ContentView.swift */ = {isa = PBXFileReference; lastKnownFileType = sourcecode.swift; path = ContentView.swift; sourceTree = "<group>"; };
		A758E66729491E7300C269DD /* Assets.xcassets */ = {isa = PBXFileReference; lastKnownFileType = folder.assetcatalog; path = Assets.xcassets; sourceTree = "<group>"; };
		A758E66A29491E7300C269DD /* Preview Assets.xcassets */ = {isa = PBXFileReference; lastKnownFileType = folder.assetcatalog; path = "Preview Assets.xcassets"; sourceTree = "<group>"; };
		A758E673294922FD00C269DD /* SearchView.swift */ = {isa = PBXFileReference; lastKnownFileType = sourcecode.swift; path = SearchView.swift; sourceTree = "<group>"; };
		A758E6752949231500C269DD /* NotificationsSettingsView.swift */ = {isa = PBXFileReference; lastKnownFileType = sourcecode.swift; path = NotificationsSettingsView.swift; sourceTree = "<group>"; };
		A758E6772949241100C269DD /* UserInformationsView.swift */ = {isa = PBXFileReference; lastKnownFileType = sourcecode.swift; path = UserInformationsView.swift; sourceTree = "<group>"; };
		A758E6792949313100C269DD /* LoginView.swift */ = {isa = PBXFileReference; lastKnownFileType = sourcecode.swift; path = LoginView.swift; sourceTree = "<group>"; };
		A75B60602A5F2C03005E9793 /* WatchRepository_Test.swift */ = {isa = PBXFileReference; lastKnownFileType = sourcecode.swift; path = WatchRepository_Test.swift; sourceTree = "<group>"; };
		A7662CBB2A575D2500D894E7 /* README.md */ = {isa = PBXFileReference; lastKnownFileType = net.daringfireball.markdown; path = README.md; sourceTree = "<group>"; };
		A76D12F3295123FC0007B11B /* Proviences.swift */ = {isa = PBXFileReference; fileEncoding = 4; lastKnownFileType = sourcecode.swift; path = Proviences.swift; sourceTree = "<group>"; };
		A770118229745B200058CC52 /* NotificationsSettingsViewModel.swift */ = {isa = PBXFileReference; lastKnownFileType = sourcecode.swift; path = NotificationsSettingsViewModel.swift; sourceTree = "<group>"; };
		A78811942978853600DF1030 /* NoExamsView.swift */ = {isa = PBXFileReference; lastKnownFileType = sourcecode.swift; path = NoExamsView.swift; sourceTree = "<group>"; };
		A78CFA21296C9771004BDD61 /* WatchlistElement.swift */ = {isa = PBXFileReference; lastKnownFileType = sourcecode.swift; path = WatchlistElement.swift; sourceTree = "<group>"; };
		A78DC6FE29EAAAA600E1E4E4 /* BackgroundAppRefreshService.swift */ = {isa = PBXFileReference; lastKnownFileType = sourcecode.swift; path = BackgroundAppRefreshService.swift; sourceTree = "<group>"; };
		A797360429D4D7A100E97830 /* Info.plist */ = {isa = PBXFileReference; lastKnownFileType = text.plist; path = Info.plist; sourceTree = "<group>"; };
		A797360629D5FA7400E97830 /* InfoCarRepository.swift */ = {isa = PBXFileReference; lastKnownFileType = sourcecode.swift; path = InfoCarRepository.swift; sourceTree = "<group>"; };
		A797360929D5FC3C00E97830 /* ApiConectionError.swift */ = {isa = PBXFileReference; lastKnownFileType = sourcecode.swift; path = ApiConectionError.swift; sourceTree = "<group>"; };
		A79A3718294942750012930F /* LoginService.swift */ = {isa = PBXFileReference; lastKnownFileType = sourcecode.swift; path = LoginService.swift; sourceTree = "<group>"; };
		A79A371A294943BE0012930F /* UrlConst.swift */ = {isa = PBXFileReference; fileEncoding = 4; lastKnownFileType = sourcecode.swift; path = UrlConst.swift; sourceTree = "<group>"; };
		A7A77085297DEB2400074D18 /* UserInformationsViewModel.swift */ = {isa = PBXFileReference; lastKnownFileType = sourcecode.swift; path = UserInformationsViewModel.swift; sourceTree = "<group>"; };
		A7AA2B9A2975FF5E00667D89 /* CommonProgressView.swift */ = {isa = PBXFileReference; lastKnownFileType = sourcecode.swift; path = CommonProgressView.swift; sourceTree = "<group>"; };
		A7ACD7952966025F0009E62A /* ExamRow.swift */ = {isa = PBXFileReference; lastKnownFileType = sourcecode.swift; path = ExamRow.swift; sourceTree = "<group>"; };
		A7ACD79729660F510009E62A /* ExamTypeEnum.swift */ = {isa = PBXFileReference; lastKnownFileType = sourcecode.swift; path = ExamTypeEnum.swift; sourceTree = "<group>"; };
		A7B0308529688A1700B79BDC /* VerticalLabelStyle.swift */ = {isa = PBXFileReference; lastKnownFileType = sourcecode.swift; path = VerticalLabelStyle.swift; sourceTree = "<group>"; };
		A7B030872968A44800B79BDC /* CommonMethodsService.swift */ = {isa = PBXFileReference; lastKnownFileType = sourcecode.swift; path = CommonMethodsService.swift; sourceTree = "<group>"; };
		A7B0308A2968A4D800B79BDC /* ExamCategoryConst.swift */ = {isa = PBXFileReference; lastKnownFileType = sourcecode.swift; path = ExamCategoryConst.swift; sourceTree = "<group>"; };
		A7B0308C2968A57E00B79BDC /* DrivingLicencesCategoriesConst.swift */ = {isa = PBXFileReference; lastKnownFileType = sourcecode.swift; path = DrivingLicencesCategoriesConst.swift; sourceTree = "<group>"; };
		A7B07D152A52136D0011C351 /* prawko_Tests.xctest */ = {isa = PBXFileReference; explicitFileType = wrapper.cfbundle; includeInIndex = 0; path = prawko_Tests.xctest; sourceTree = BUILT_PRODUCTS_DIR; };
		A7B07D172A52136D0011C351 /* prawko_Tests.swift */ = {isa = PBXFileReference; lastKnownFileType = sourcecode.swift; path = prawko_Tests.swift; sourceTree = "<group>"; };
		A7B992BD29EDBCA9004B0510 /* WatchlistTask.swift */ = {isa = PBXFileReference; lastKnownFileType = sourcecode.swift; path = WatchlistTask.swift; sourceTree = "<group>"; };
		A7B992BF29EDC1C7004B0510 /* LoginError.swift */ = {isa = PBXFileReference; lastKnownFileType = sourcecode.swift; path = LoginError.swift; sourceTree = "<group>"; };
		A7B992C129F7171C004B0510 /* WatchlistRepositoryError.swift */ = {isa = PBXFileReference; lastKnownFileType = sourcecode.swift; path = WatchlistRepositoryError.swift; sourceTree = "<group>"; };
		A7C2C07D2A1D333F00DD60BB /* Interceptor.swift */ = {isa = PBXFileReference; lastKnownFileType = sourcecode.swift; path = Interceptor.swift; sourceTree = "<group>"; };
		A7C3E94D296CAABB0047E08E /* ExamView.swift */ = {isa = PBXFileReference; lastKnownFileType = sourcecode.swift; path = ExamView.swift; sourceTree = "<group>"; };
		A7DA712D2A48610200AC6F22 /* NotificationsSettingsAddResultVMMock.swift */ = {isa = PBXFileReference; lastKnownFileType = sourcecode.swift; path = NotificationsSettingsAddResultVMMock.swift; sourceTree = "<group>"; };
		A7DA71312A487FD700AC6F22 /* NotificationsSettingsAddResultVMErrorMock.swift */ = {isa = PBXFileReference; lastKnownFileType = sourcecode.swift; path = NotificationsSettingsAddResultVMErrorMock.swift; sourceTree = "<group>"; };
		A7DA71332A48AA7A00AC6F22 /* MockError.swift */ = {isa = PBXFileReference; lastKnownFileType = sourcecode.swift; path = MockError.swift; sourceTree = "<group>"; };
		A7DA71382A48BA1300AC6F22 /* NotificationsSettingsVMProtocol.swift */ = {isa = PBXFileReference; lastKnownFileType = sourcecode.swift; path = NotificationsSettingsVMProtocol.swift; sourceTree = "<group>"; };
		A7DA713A2A48C61F00AC6F22 /* NotificationsSettingsVMMock.swift */ = {isa = PBXFileReference; lastKnownFileType = sourcecode.swift; path = NotificationsSettingsVMMock.swift; sourceTree = "<group>"; };
		A7DA713D2A4A070800AC6F22 /* WatchlistRepositoryProtocol.swift */ = {isa = PBXFileReference; lastKnownFileType = sourcecode.swift; path = WatchlistRepositoryProtocol.swift; sourceTree = "<group>"; };
		A7DA71402A4A0AFE00AC6F22 /* WatchlistRepositoryMock.swift */ = {isa = PBXFileReference; lastKnownFileType = sourcecode.swift; path = WatchlistRepositoryMock.swift; sourceTree = "<group>"; };
		A7DA71432A4A177200AC6F22 /* SearchResultVMProtocol.swift */ = {isa = PBXFileReference; lastKnownFileType = sourcecode.swift; path = SearchResultVMProtocol.swift; sourceTree = "<group>"; };
		A7DA71472A4A1FB100AC6F22 /* SearchResultVMMock.swift */ = {isa = PBXFileReference; lastKnownFileType = sourcecode.swift; path = SearchResultVMMock.swift; sourceTree = "<group>"; };
		A7DA71492A4C937600AC6F22 /* WordsFormVMProtocol.swift */ = {isa = PBXFileReference; lastKnownFileType = sourcecode.swift; path = WordsFormVMProtocol.swift; sourceTree = "<group>"; };
		A7DA714C2A4C977900AC6F22 /* WordsFormVMMock.swift */ = {isa = PBXFileReference; lastKnownFileType = sourcecode.swift; path = WordsFormVMMock.swift; sourceTree = "<group>"; };
		A7DA71512A4CBDFD00AC6F22 /* LoginVMProtocol.swift */ = {isa = PBXFileReference; lastKnownFileType = sourcecode.swift; path = LoginVMProtocol.swift; sourceTree = "<group>"; };
		A7DA71532A4CBF1600AC6F22 /* LoginVMMock.swift */ = {isa = PBXFileReference; lastKnownFileType = sourcecode.swift; path = LoginVMMock.swift; sourceTree = "<group>"; };
		A7DA71562A4CC84700AC6F22 /* LoginServiceProtocol.swift */ = {isa = PBXFileReference; lastKnownFileType = sourcecode.swift; path = LoginServiceProtocol.swift; sourceTree = "<group>"; };
		A7DA71582A4CCABB00AC6F22 /* LoginServiceMock.swift */ = {isa = PBXFileReference; lastKnownFileType = sourcecode.swift; path = LoginServiceMock.swift; sourceTree = "<group>"; };
		A7DA715A2A4CD69400AC6F22 /* LoginServiceMockLoggedIn.swift */ = {isa = PBXFileReference; lastKnownFileType = sourcecode.swift; path = LoginServiceMockLoggedIn.swift; sourceTree = "<group>"; };
		A7DA715C2A500AA200AC6F22 /* InfoCarRepositoryMock.swift */ = {isa = PBXFileReference; lastKnownFileType = sourcecode.swift; path = InfoCarRepositoryMock.swift; sourceTree = "<group>"; };
		A7DA715E2A500AB500AC6F22 /* InfoCarRepositoryProtocol.swift */ = {isa = PBXFileReference; lastKnownFileType = sourcecode.swift; path = InfoCarRepositoryProtocol.swift; sourceTree = "<group>"; };
		A7DDDAEA2A684ACA00E82DE1 /* SearchResultVMMockWithError.swift */ = {isa = PBXFileReference; lastKnownFileType = sourcecode.swift; path = SearchResultVMMockWithError.swift; sourceTree = "<group>"; };
		A7DDDAF72A699A5D00E82DE1 /* ViewModelState.swift */ = {isa = PBXFileReference; lastKnownFileType = sourcecode.swift; path = ViewModelState.swift; sourceTree = "<group>"; };
		A7DE9BFD296B53B8000C212A /* NotificationsSettingsAddResultViewModel.swift */ = {isa = PBXFileReference; lastKnownFileType = sourcecode.swift; path = NotificationsSettingsAddResultViewModel.swift; sourceTree = "<group>"; };
		A7DE9BFF296B5F9E000C212A /* NotificationsSettingsAddResultView.swift */ = {isa = PBXFileReference; lastKnownFileType = sourcecode.swift; path = NotificationsSettingsAddResultView.swift; sourceTree = "<group>"; };
		A7E42F07295A0BE40001DCA0 /* SearchResultViewModel.swift */ = {isa = PBXFileReference; lastKnownFileType = sourcecode.swift; path = SearchResultViewModel.swift; sourceTree = "<group>"; };
		A7E82EBB2A27DDA400305B8F /* WordsForm.swift */ = {isa = PBXFileReference; lastKnownFileType = sourcecode.swift; path = WordsForm.swift; sourceTree = "<group>"; };
		A7E82EBE2A2A5D5800305B8F /* WordsFormViewModel.swift */ = {isa = PBXFileReference; lastKnownFileType = sourcecode.swift; path = WordsFormViewModel.swift; sourceTree = "<group>"; };
		A7ECC8092A23BF5E006A2B22 /* LoginViewModel.swift */ = {isa = PBXFileReference; lastKnownFileType = sourcecode.swift; path = LoginViewModel.swift; sourceTree = "<group>"; };
		A7ECC80E2A250B03006A2B22 /* AppState.swift */ = {isa = PBXFileReference; lastKnownFileType = sourcecode.swift; path = AppState.swift; sourceTree = "<group>"; };
		A7FF8ECA2A1D466300FDBBAA /* APIManager.swift */ = {isa = PBXFileReference; lastKnownFileType = sourcecode.swift; path = APIManager.swift; sourceTree = "<group>"; };
		E5AC9C239FBD4A4CAEC00116 /* Pods_prawko.framework */ = {isa = PBXFileReference; explicitFileType = wrapper.framework; includeInIndex = 0; path = Pods_prawko.framework; sourceTree = BUILT_PRODUCTS_DIR; };
/* End PBXFileReference section */

/* Begin PBXFrameworksBuildPhase section */
		A758E65D29491E7000C269DD /* Frameworks */ = {
			isa = PBXFrameworksBuildPhase;
			buildActionMask = 2147483647;
			files = (
				015BE367159F949F8D3E802C /* Pods_prawko.framework in Frameworks */,
			);
			runOnlyForDeploymentPostprocessing = 0;
		};
		A7B07D122A52136D0011C351 /* Frameworks */ = {
			isa = PBXFrameworksBuildPhase;
			buildActionMask = 2147483647;
			files = (
			);
			runOnlyForDeploymentPostprocessing = 0;
		};
/* End PBXFrameworksBuildPhase section */

/* Begin PBXGroup section */
		5D99517A197339FE057D953B /* Pods */ = {
			isa = PBXGroup;
			children = (
				10A3F31058C79D874E76FE0A /* Pods-prawko.debug.xcconfig */,
				8C907A30438571DD09CEC698 /* Pods-prawko.release.xcconfig */,
			);
			path = Pods;
			sourceTree = "<group>";
		};
		A70E0C252965F643004528AA /* Extensions */ = {
			isa = PBXGroup;
			children = (
				A70E0C262965F657004528AA /* DateExtensions.swift */,
			);
			path = Extensions;
			sourceTree = "<group>";
		};
		A70E9C3129B22A5200A91389 /* Services */ = {
			isa = PBXGroup;
			children = (
				A79A3718294942750012930F /* LoginService.swift */,
				A78DC6FE29EAAAA600E1E4E4 /* BackgroundAppRefreshService.swift */,
				A7DA71562A4CC84700AC6F22 /* LoginServiceProtocol.swift */,
			);
			path = Services;
			sourceTree = "<group>";
		};
		A7581E912A47862E001F7E60 /* Mocks */ = {
			isa = PBXGroup;
			children = (
				A7DA71552A4CC82B00AC6F22 /* Services */,
				A7DA713F2A4A0ADB00AC6F22 /* Repositories */,
				A7DA712A2A485F7600AC6F22 /* ViewModels */,
				A7DA71332A48AA7A00AC6F22 /* MockError.swift */,
			);
			path = Mocks;
			sourceTree = "<group>";
		};
		A7581E942A478E83001F7E60 /* Protocols */ = {
			isa = PBXGroup;
			children = (
				A7DA71382A48BA1300AC6F22 /* NotificationsSettingsVMProtocol.swift */,
				A7581E952A478E94001F7E60 /* NotificationsSettingsAddResultVMProtocol.swift */,
			);
			path = Protocols;
			sourceTree = "<group>";
		};
		A758E65729491E7000C269DD = {
			isa = PBXGroup;
			children = (
				A7662CBB2A575D2500D894E7 /* README.md */,
				A758E66229491E7000C269DD /* prawko */,
				A7B07D162A52136D0011C351 /* prawko_Tests */,
				A758E66129491E7000C269DD /* Products */,
				5D99517A197339FE057D953B /* Pods */,
				C0A40CA7B20CFDB01187526B /* Frameworks */,
			);
			sourceTree = "<group>";
		};
		A758E66129491E7000C269DD /* Products */ = {
			isa = PBXGroup;
			children = (
				A758E66029491E7000C269DD /* prawko.app */,
				A7B07D152A52136D0011C351 /* prawko_Tests.xctest */,
			);
			name = Products;
			sourceTree = "<group>";
		};
		A758E66229491E7000C269DD /* prawko */ = {
			isa = PBXGroup;
			children = (
				A78CFA1E296C9140004BDD61 /* Enum */,
				A7581E912A47862E001F7E60 /* Mocks */,
				A73D83892A362EEE00C70CE9 /* CompositionRoot.swift */,
				A78CFA1D296C910D004BDD61 /* DataObjects */,
				A7ECC80D2A23E17D006A2B22 /* State */,
				A7B030892968A4A000B79BDC /* Const */,
				A7C2C07C2A1D332100DD60BB /* Network */,
				A7B992BC29EDBC6E004B0510 /* BackgroundTasks */,
				A797360829D5FC2A00E97830 /* Errors */,
				A797360529D5FA5200E97830 /* Repositories */,
				A797360429D4D7A100E97830 /* Info.plist */,
				A70E9C3129B22A5200A91389 /* Services */,
				A70E0C252965F643004528AA /* Extensions */,
				A79A37172949419C0012930F /* ViewModels */,
				A758E6712949229200C269DD /* Views */,
				A758E66329491E7000C269DD /* prawkoApp.swift */,
				A758E66729491E7300C269DD /* Assets.xcassets */,
				A758E66929491E7300C269DD /* Preview Content */,
			);
			path = prawko;
			sourceTree = "<group>";
		};
		A758E66929491E7300C269DD /* Preview Content */ = {
			isa = PBXGroup;
			children = (
				A758E66A29491E7300C269DD /* Preview Assets.xcassets */,
			);
			path = "Preview Content";
			sourceTree = "<group>";
		};
		A758E6712949229200C269DD /* Views */ = {
			isa = PBXGroup;
			children = (
				A76D12EF295120380007B11B /* Partials */,
				A758E66529491E7000C269DD /* ContentView.swift */,
				A758E672294922B200C269DD /* Tabs */,
				A758E6792949313100C269DD /* LoginView.swift */,
			);
			path = Views;
			sourceTree = "<group>";
		};
		A758E672294922B200C269DD /* Tabs */ = {
			isa = PBXGroup;
			children = (
				A76D12EE2951201D0007B11B /* UserInformations */,
				A76D12ED295120040007B11B /* NotificationsSettings */,
				A76D12EC29511FF90007B11B /* Search */,
			);
			path = Tabs;
			sourceTree = "<group>";
		};
		A76D12EC29511FF90007B11B /* Search */ = {
			isa = PBXGroup;
			children = (
				A758E673294922FD00C269DD /* SearchView.swift */,
				A707EE352957702800CC4BDE /* SearchResultsView.swift */,
				A7ACD7952966025F0009E62A /* ExamRow.swift */,
				A78811942978853600DF1030 /* NoExamsView.swift */,
			);
			path = Search;
			sourceTree = "<group>";
		};
		A76D12ED295120040007B11B /* NotificationsSettings */ = {
			isa = PBXGroup;
			children = (
				A758E6752949231500C269DD /* NotificationsSettingsView.swift */,
				A7DE9BFF296B5F9E000C212A /* NotificationsSettingsAddResultView.swift */,
				A72AB6A029709A12000279EA /* NotificationRowView.swift */,
				A73D83862A31BF1B00C70CE9 /* AddToWatchlistView.swift */,
			);
			path = NotificationsSettings;
			sourceTree = "<group>";
		};
		A76D12EE2951201D0007B11B /* UserInformations */ = {
			isa = PBXGroup;
			children = (
				A758E6772949241100C269DD /* UserInformationsView.swift */,
			);
			path = UserInformations;
			sourceTree = "<group>";
		};
		A76D12EF295120380007B11B /* Partials */ = {
			isa = PBXGroup;
			children = (
				A7B0308529688A1700B79BDC /* VerticalLabelStyle.swift */,
				A7B030872968A44800B79BDC /* CommonMethodsService.swift */,
				A7C3E94D296CAABB0047E08E /* ExamView.swift */,
				A7AA2B9A2975FF5E00667D89 /* CommonProgressView.swift */,
				A7E82EBB2A27DDA400305B8F /* WordsForm.swift */,
			);
			path = Partials;
			sourceTree = "<group>";
		};
		A76D12F2295123950007B11B /* Search */ = {
			isa = PBXGroup;
			children = (
				A7DA71422A4A175500AC6F22 /* Protocols */,
				A7E42F07295A0BE40001DCA0 /* SearchResultViewModel.swift */,
				A7B0308C2968A57E00B79BDC /* DrivingLicencesCategoriesConst.swift */,
			);
			path = Search;
			sourceTree = "<group>";
		};
		A78CFA1D296C910D004BDD61 /* DataObjects */ = {
			isa = PBXGroup;
			children = (
				A78CFA21296C9771004BDD61 /* WatchlistElement.swift */,
				A76D12F3295123FC0007B11B /* Proviences.swift */,
				A707EE31295730C500CC4BDE /* ScheduledDay.swift */,
				A73D83842A30CBA300C70CE9 /* WordFormDTO.swift */,
			);
			path = DataObjects;
			sourceTree = "<group>";
		};
		A78CFA1E296C9140004BDD61 /* Enum */ = {
			isa = PBXGroup;
			children = (
				A7ACD79729660F510009E62A /* ExamTypeEnum.swift */,
				A707EE2F295663FA00CC4BDE /* DrivingLicenceCategory.swift */,
				A7DDDAF72A699A5D00E82DE1 /* ViewModelState.swift */,
			);
			path = Enum;
			sourceTree = "<group>";
		};
		A78CFA1F296C916B004BDD61 /* Tabs */ = {
			isa = PBXGroup;
			children = (
				A7A77084297DEAF300074D18 /* UserInformations */,
				A7DE9BFC296B5393000C212A /* NotificationsSettings */,
				A76D12F2295123950007B11B /* Search */,
			);
			path = Tabs;
			sourceTree = "<group>";
		};
		A797360529D5FA5200E97830 /* Repositories */ = {
			isa = PBXGroup;
			children = (
				A7DA713C2A4A06F700AC6F22 /* Protocols */,
				A797360629D5FA7400E97830 /* InfoCarRepository.swift */,
				A72AB69E296E1303000279EA /* WatchlistRepository.swift */,
			);
			path = Repositories;
			sourceTree = "<group>";
		};
		A797360829D5FC2A00E97830 /* Errors */ = {
			isa = PBXGroup;
			children = (
				A797360929D5FC3C00E97830 /* ApiConectionError.swift */,
				A7B992BF29EDC1C7004B0510 /* LoginError.swift */,
				A7B992C129F7171C004B0510 /* WatchlistRepositoryError.swift */,
			);
			path = Errors;
			sourceTree = "<group>";
		};
		A79A37172949419C0012930F /* ViewModels */ = {
			isa = PBXGroup;
			children = (
				A7DA71512A4CBDFD00AC6F22 /* LoginVMProtocol.swift */,
				A7E82EBD2A2A5D2000305B8F /* Partials */,
				A78CFA1F296C916B004BDD61 /* Tabs */,
				A79A371A294943BE0012930F /* UrlConst.swift */,
				A7ECC8092A23BF5E006A2B22 /* LoginViewModel.swift */,
			);
			path = ViewModels;
			sourceTree = "<group>";
		};
		A7A77084297DEAF300074D18 /* UserInformations */ = {
			isa = PBXGroup;
			children = (
				A7A77085297DEB2400074D18 /* UserInformationsViewModel.swift */,
			);
			path = UserInformations;
			sourceTree = "<group>";
		};
		A7B030892968A4A000B79BDC /* Const */ = {
			isa = PBXGroup;
			children = (
				A7B0308A2968A4D800B79BDC /* ExamCategoryConst.swift */,
			);
			path = Const;
			sourceTree = "<group>";
		};
		A7B07D162A52136D0011C351 /* prawko_Tests */ = {
			isa = PBXGroup;
			children = (
				A7B07D172A52136D0011C351 /* prawko_Tests.swift */,
				A75B60602A5F2C03005E9793 /* WatchRepository_Test.swift */,
			);
			path = prawko_Tests;
			sourceTree = "<group>";
		};
		A7B992BC29EDBC6E004B0510 /* BackgroundTasks */ = {
			isa = PBXGroup;
			children = (
				A7B992BD29EDBCA9004B0510 /* WatchlistTask.swift */,
			);
			path = BackgroundTasks;
			sourceTree = "<group>";
		};
		A7C2C07C2A1D332100DD60BB /* Network */ = {
			isa = PBXGroup;
			children = (
				A7C2C07D2A1D333F00DD60BB /* Interceptor.swift */,
				A7FF8ECA2A1D466300FDBBAA /* APIManager.swift */,
			);
			path = Network;
			sourceTree = "<group>";
		};
		A7DA712A2A485F7600AC6F22 /* ViewModels */ = {
			isa = PBXGroup;
			children = (
				A7DA714B2A4C976400AC6F22 /* Partials */,
				A7DA712B2A485F9000AC6F22 /* Tabs */,
				A7DA71532A4CBF1600AC6F22 /* LoginVMMock.swift */,
			);
			path = ViewModels;
			sourceTree = "<group>";
		};
		A7DA712B2A485F9000AC6F22 /* Tabs */ = {
			isa = PBXGroup;
			children = (
				A7DA71452A4A1F2C00AC6F22 /* Search */,
				A7DA712C2A485F9E00AC6F22 /* NotificationsSettings */,
			);
			path = Tabs;
			sourceTree = "<group>";
		};
		A7DA712C2A485F9E00AC6F22 /* NotificationsSettings */ = {
			isa = PBXGroup;
			children = (
				A7DA71372A48B9E400AC6F22 /* NotificationsSettingsViewModel */,
				A7DA71352A48B7C900AC6F22 /* NotificationsSettingsAddResultViewModel */,
			);
			path = NotificationsSettings;
			sourceTree = "<group>";
		};
		A7DA71352A48B7C900AC6F22 /* NotificationsSettingsAddResultViewModel */ = {
			isa = PBXGroup;
			children = (
				A7DA712D2A48610200AC6F22 /* NotificationsSettingsAddResultVMMock.swift */,
				A7DA71312A487FD700AC6F22 /* NotificationsSettingsAddResultVMErrorMock.swift */,
			);
			path = NotificationsSettingsAddResultViewModel;
			sourceTree = "<group>";
		};
		A7DA71372A48B9E400AC6F22 /* NotificationsSettingsViewModel */ = {
			isa = PBXGroup;
			children = (
				A7DA713A2A48C61F00AC6F22 /* NotificationsSettingsVMMock.swift */,
			);
			path = NotificationsSettingsViewModel;
			sourceTree = "<group>";
		};
		A7DA713C2A4A06F700AC6F22 /* Protocols */ = {
			isa = PBXGroup;
			children = (
				A7DA713D2A4A070800AC6F22 /* WatchlistRepositoryProtocol.swift */,
				A7DA715E2A500AB500AC6F22 /* InfoCarRepositoryProtocol.swift */,
			);
			path = Protocols;
			sourceTree = "<group>";
		};
		A7DA713F2A4A0ADB00AC6F22 /* Repositories */ = {
			isa = PBXGroup;
			children = (
				A7DA71402A4A0AFE00AC6F22 /* WatchlistRepositoryMock.swift */,
				A7DA715C2A500AA200AC6F22 /* InfoCarRepositoryMock.swift */,
			);
			path = Repositories;
			sourceTree = "<group>";
		};
		A7DA71422A4A175500AC6F22 /* Protocols */ = {
			isa = PBXGroup;
			children = (
				A7DA71432A4A177200AC6F22 /* SearchResultVMProtocol.swift */,
			);
			path = Protocols;
			sourceTree = "<group>";
		};
		A7DA71452A4A1F2C00AC6F22 /* Search */ = {
			isa = PBXGroup;
			children = (
				A7DA71472A4A1FB100AC6F22 /* SearchResultVMMock.swift */,
				A7DDDAEA2A684ACA00E82DE1 /* SearchResultVMMockWithError.swift */,
			);
			path = Search;
			sourceTree = "<group>";
		};
		A7DA714B2A4C976400AC6F22 /* Partials */ = {
			isa = PBXGroup;
			children = (
				A7DA714C2A4C977900AC6F22 /* WordsFormVMMock.swift */,
			);
			path = Partials;
			sourceTree = "<group>";
		};
		A7DA71552A4CC82B00AC6F22 /* Services */ = {
			isa = PBXGroup;
			children = (
				A7DA71582A4CCABB00AC6F22 /* LoginServiceMock.swift */,
				A7DA715A2A4CD69400AC6F22 /* LoginServiceMockLoggedIn.swift */,
			);
			path = Services;
			sourceTree = "<group>";
		};
		A7DE9BFC296B5393000C212A /* NotificationsSettings */ = {
			isa = PBXGroup;
			children = (
				A7581E942A478E83001F7E60 /* Protocols */,
				A7DE9BFD296B53B8000C212A /* NotificationsSettingsAddResultViewModel.swift */,
				A770118229745B200058CC52 /* NotificationsSettingsViewModel.swift */,
			);
			path = NotificationsSettings;
			sourceTree = "<group>";
		};
		A7E82EBD2A2A5D2000305B8F /* Partials */ = {
			isa = PBXGroup;
			children = (
				A7E82EBE2A2A5D5800305B8F /* WordsFormViewModel.swift */,
				A7DA71492A4C937600AC6F22 /* WordsFormVMProtocol.swift */,
			);
			path = Partials;
			sourceTree = "<group>";
		};
		A7ECC80D2A23E17D006A2B22 /* State */ = {
			isa = PBXGroup;
			children = (
				A7ECC80E2A250B03006A2B22 /* AppState.swift */,
			);
			path = State;
			sourceTree = "<group>";
		};
		C0A40CA7B20CFDB01187526B /* Frameworks */ = {
			isa = PBXGroup;
			children = (
				E5AC9C239FBD4A4CAEC00116 /* Pods_prawko.framework */,
			);
			name = Frameworks;
			sourceTree = "<group>";
		};
/* End PBXGroup section */

/* Begin PBXNativeTarget section */
		A758E65F29491E7000C269DD /* prawko */ = {
			isa = PBXNativeTarget;
			buildConfigurationList = A758E66E29491E7300C269DD /* Build configuration list for PBXNativeTarget "prawko" */;
			buildPhases = (
				2FDE349B081D7433FA9E78C9 /* [CP] Check Pods Manifest.lock */,
				A758E65C29491E7000C269DD /* Sources */,
				A758E65D29491E7000C269DD /* Frameworks */,
				A758E65E29491E7000C269DD /* Resources */,
				1305CE315882500D07DE4FDF /* [CP] Embed Pods Frameworks */,
			);
			buildRules = (
			);
			dependencies = (
			);
			name = prawko;
			productName = prawko;
			productReference = A758E66029491E7000C269DD /* prawko.app */;
			productType = "com.apple.product-type.application";
		};
		A7B07D142A52136D0011C351 /* prawko_Tests */ = {
			isa = PBXNativeTarget;
			buildConfigurationList = A7B07D1D2A52136E0011C351 /* Build configuration list for PBXNativeTarget "prawko_Tests" */;
			buildPhases = (
				A7B07D112A52136D0011C351 /* Sources */,
				A7B07D122A52136D0011C351 /* Frameworks */,
				A7B07D132A52136D0011C351 /* Resources */,
			);
			buildRules = (
			);
			dependencies = (
				A7B07D1A2A52136D0011C351 /* PBXTargetDependency */,
			);
			name = prawko_Tests;
			productName = prawko_Tests;
			productReference = A7B07D152A52136D0011C351 /* prawko_Tests.xctest */;
			productType = "com.apple.product-type.bundle.unit-test";
		};
/* End PBXNativeTarget section */

/* Begin PBXProject section */
		A758E65829491E7000C269DD /* Project object */ = {
			isa = PBXProject;
			attributes = {
				BuildIndependentTargetsInParallel = 1;
				LastSwiftUpdateCheck = 1420;
				LastUpgradeCheck = 1410;
				TargetAttributes = {
					A758E65F29491E7000C269DD = {
						CreatedOnToolsVersion = 14.1;
					};
					A7B07D142A52136D0011C351 = {
						CreatedOnToolsVersion = 14.2;
						TestTargetID = A758E65F29491E7000C269DD;
					};
				};
			};
			buildConfigurationList = A758E65B29491E7000C269DD /* Build configuration list for PBXProject "prawko" */;
			compatibilityVersion = "Xcode 14.0";
			developmentRegion = en;
			hasScannedForEncodings = 0;
			knownRegions = (
				en,
				pl,
			);
			mainGroup = A758E65729491E7000C269DD;
			productRefGroup = A758E66129491E7000C269DD /* Products */;
			projectDirPath = "";
			projectRoot = "";
			targets = (
				A758E65F29491E7000C269DD /* prawko */,
				A7B07D142A52136D0011C351 /* prawko_Tests */,
			);
		};
/* End PBXProject section */

/* Begin PBXResourcesBuildPhase section */
		A758E65E29491E7000C269DD /* Resources */ = {
			isa = PBXResourcesBuildPhase;
			buildActionMask = 2147483647;
			files = (
				A7662CBC2A575D2500D894E7 /* README.md in Resources */,
				A758E66B29491E7300C269DD /* Preview Assets.xcassets in Resources */,
				A758E66829491E7300C269DD /* Assets.xcassets in Resources */,
			);
			runOnlyForDeploymentPostprocessing = 0;
		};
		A7B07D132A52136D0011C351 /* Resources */ = {
			isa = PBXResourcesBuildPhase;
			buildActionMask = 2147483647;
			files = (
			);
			runOnlyForDeploymentPostprocessing = 0;
		};
/* End PBXResourcesBuildPhase section */

/* Begin PBXShellScriptBuildPhase section */
		1305CE315882500D07DE4FDF /* [CP] Embed Pods Frameworks */ = {
			isa = PBXShellScriptBuildPhase;
			buildActionMask = 2147483647;
			files = (
			);
			inputFileListPaths = (
				"${PODS_ROOT}/Target Support Files/Pods-prawko/Pods-prawko-frameworks-${CONFIGURATION}-input-files.xcfilelist",
			);
			name = "[CP] Embed Pods Frameworks";
			outputFileListPaths = (
				"${PODS_ROOT}/Target Support Files/Pods-prawko/Pods-prawko-frameworks-${CONFIGURATION}-output-files.xcfilelist",
			);
			runOnlyForDeploymentPostprocessing = 0;
			shellPath = /bin/sh;
			shellScript = "\"${PODS_ROOT}/Target Support Files/Pods-prawko/Pods-prawko-frameworks.sh\"\n";
			showEnvVarsInLog = 0;
		};
		2FDE349B081D7433FA9E78C9 /* [CP] Check Pods Manifest.lock */ = {
			isa = PBXShellScriptBuildPhase;
			buildActionMask = 2147483647;
			files = (
			);
			inputFileListPaths = (
			);
			inputPaths = (
				"${PODS_PODFILE_DIR_PATH}/Podfile.lock",
				"${PODS_ROOT}/Manifest.lock",
			);
			name = "[CP] Check Pods Manifest.lock";
			outputFileListPaths = (
			);
			outputPaths = (
				"$(DERIVED_FILE_DIR)/Pods-prawko-checkManifestLockResult.txt",
			);
			runOnlyForDeploymentPostprocessing = 0;
			shellPath = /bin/sh;
			shellScript = "diff \"${PODS_PODFILE_DIR_PATH}/Podfile.lock\" \"${PODS_ROOT}/Manifest.lock\" > /dev/null\nif [ $? != 0 ] ; then\n    # print error to STDERR\n    echo \"error: The sandbox is not in sync with the Podfile.lock. Run 'pod install' or update your CocoaPods installation.\" >&2\n    exit 1\nfi\n# This output is used by Xcode 'outputs' to avoid re-running this script phase.\necho \"SUCCESS\" > \"${SCRIPT_OUTPUT_FILE_0}\"\n";
			showEnvVarsInLog = 0;
		};
/* End PBXShellScriptBuildPhase section */

/* Begin PBXSourcesBuildPhase section */
		A758E65C29491E7000C269DD /* Sources */ = {
			isa = PBXSourcesBuildPhase;
			buildActionMask = 2147483647;
			files = (
				A707EE30295663FA00CC4BDE /* DrivingLicenceCategory.swift in Sources */,
				A7AA2B9B2975FF5E00667D89 /* CommonProgressView.swift in Sources */,
				A758E6762949231500C269DD /* NotificationsSettingsView.swift in Sources */,
				A7B992C229F7171C004B0510 /* WatchlistRepositoryError.swift in Sources */,
				A7DA712E2A48610200AC6F22 /* NotificationsSettingsAddResultVMMock.swift in Sources */,
				A758E674294922FD00C269DD /* SearchView.swift in Sources */,
				A73D838A2A362EEE00C70CE9 /* CompositionRoot.swift in Sources */,
				A7A77086297DEB2400074D18 /* UserInformationsViewModel.swift in Sources */,
				A7ACD79829660F520009E62A /* ExamTypeEnum.swift in Sources */,
				A78811952978853600DF1030 /* NoExamsView.swift in Sources */,
				A7ECC80F2A250B03006A2B22 /* AppState.swift in Sources */,
				A707EE362957702800CC4BDE /* SearchResultsView.swift in Sources */,
				A770118329745B200058CC52 /* NotificationsSettingsViewModel.swift in Sources */,
				A758E66629491E7000C269DD /* ContentView.swift in Sources */,
				A7DA71392A48BA1300AC6F22 /* NotificationsSettingsVMProtocol.swift in Sources */,
				A79A371B294943BE0012930F /* UrlConst.swift in Sources */,
				A7C3E94E296CAABB0047E08E /* ExamView.swift in Sources */,
				A7DA715B2A4CD69400AC6F22 /* LoginServiceMockLoggedIn.swift in Sources */,
				A7E42F08295A0BE40001DCA0 /* SearchResultViewModel.swift in Sources */,
				A707EE32295730C600CC4BDE /* ScheduledDay.swift in Sources */,
				A7DA713B2A48C61F00AC6F22 /* NotificationsSettingsVMMock.swift in Sources */,
				A7E82EBC2A27DDA400305B8F /* WordsForm.swift in Sources */,
				A7E82EBF2A2A5D5800305B8F /* WordsFormViewModel.swift in Sources */,
				A7DDDAEB2A684ACA00E82DE1 /* SearchResultVMMockWithError.swift in Sources */,
				A72AB69F296E1303000279EA /* WatchlistRepository.swift in Sources */,
				A7DA714A2A4C937600AC6F22 /* WordsFormVMProtocol.swift in Sources */,
				A7C2C07E2A1D333F00DD60BB /* Interceptor.swift in Sources */,
				A7DE9C00296B5F9E000C212A /* NotificationsSettingsAddResultView.swift in Sources */,
				A7DA71342A48AA7A00AC6F22 /* MockError.swift in Sources */,
				A78DC6FF29EAAAA600E1E4E4 /* BackgroundAppRefreshService.swift in Sources */,
				A7B992BE29EDBCA9004B0510 /* WatchlistTask.swift in Sources */,
				A7DA71412A4A0AFE00AC6F22 /* WatchlistRepositoryMock.swift in Sources */,
				A7DA71592A4CCABB00AC6F22 /* LoginServiceMock.swift in Sources */,
				A76D12F4295123FC0007B11B /* Proviences.swift in Sources */,
				A758E67A2949313200C269DD /* LoginView.swift in Sources */,
				A73D83872A31BF1B00C70CE9 /* AddToWatchlistView.swift in Sources */,
				A7ACD7962966025F0009E62A /* ExamRow.swift in Sources */,
				A797360729D5FA7400E97830 /* InfoCarRepository.swift in Sources */,
				A7DA714D2A4C977900AC6F22 /* WordsFormVMMock.swift in Sources */,
				A7B030882968A44800B79BDC /* CommonMethodsService.swift in Sources */,
				A70E0C272965F657004528AA /* DateExtensions.swift in Sources */,
				A7DA71572A4CC84700AC6F22 /* LoginServiceProtocol.swift in Sources */,
				A7DA71482A4A1FB100AC6F22 /* SearchResultVMMock.swift in Sources */,
				A78CFA22296C9771004BDD61 /* WatchlistElement.swift in Sources */,
				A73D83852A30CBA300C70CE9 /* WordFormDTO.swift in Sources */,
				A7DA71522A4CBDFD00AC6F22 /* LoginVMProtocol.swift in Sources */,
				A7ECC80A2A23BF5E006A2B22 /* LoginViewModel.swift in Sources */,
				A7DA715F2A500AB500AC6F22 /* InfoCarRepositoryProtocol.swift in Sources */,
				A7DA71442A4A177200AC6F22 /* SearchResultVMProtocol.swift in Sources */,
				A7B992C029EDC1C7004B0510 /* LoginError.swift in Sources */,
				A7DDDAF82A699A5D00E82DE1 /* ViewModelState.swift in Sources */,
				A797360A29D5FC3C00E97830 /* ApiConectionError.swift in Sources */,
				A758E6782949241100C269DD /* UserInformationsView.swift in Sources */,
				A7B0308D2968A57E00B79BDC /* DrivingLicencesCategoriesConst.swift in Sources */,
				A72AB6A129709A12000279EA /* NotificationRowView.swift in Sources */,
				A7DA71542A4CBF1600AC6F22 /* LoginVMMock.swift in Sources */,
				A7581E962A478E94001F7E60 /* NotificationsSettingsAddResultVMProtocol.swift in Sources */,
				A758E66429491E7000C269DD /* prawkoApp.swift in Sources */,
				A7DE9BFE296B53B8000C212A /* NotificationsSettingsAddResultViewModel.swift in Sources */,
				A7B0308629688A1700B79BDC /* VerticalLabelStyle.swift in Sources */,
				A7FF8ECB2A1D466300FDBBAA /* APIManager.swift in Sources */,
				A7B0308B2968A4D800B79BDC /* ExamCategoryConst.swift in Sources */,
				A7DA715D2A500AA200AC6F22 /* InfoCarRepositoryMock.swift in Sources */,
				A7DA713E2A4A070800AC6F22 /* WatchlistRepositoryProtocol.swift in Sources */,
				A7DA71322A487FD700AC6F22 /* NotificationsSettingsAddResultVMErrorMock.swift in Sources */,
				A79A3719294942750012930F /* LoginService.swift in Sources */,
			);
			runOnlyForDeploymentPostprocessing = 0;
		};
		A7B07D112A52136D0011C351 /* Sources */ = {
			isa = PBXSourcesBuildPhase;
			buildActionMask = 2147483647;
			files = (
				A7B07D182A52136D0011C351 /* prawko_Tests.swift in Sources */,
				A75B60612A5F2C03005E9793 /* WatchRepository_Test.swift in Sources */,
			);
			runOnlyForDeploymentPostprocessing = 0;
		};
/* End PBXSourcesBuildPhase section */

/* Begin PBXTargetDependency section */
		A7B07D1A2A52136D0011C351 /* PBXTargetDependency */ = {
			isa = PBXTargetDependency;
			target = A758E65F29491E7000C269DD /* prawko */;
			targetProxy = A7B07D192A52136D0011C351 /* PBXContainerItemProxy */;
		};
/* End PBXTargetDependency section */

/* Begin XCBuildConfiguration section */
		A758E66C29491E7300C269DD /* Debug */ = {
			isa = XCBuildConfiguration;
			buildSettings = {
				ALWAYS_SEARCH_USER_PATHS = NO;
				CLANG_ANALYZER_NONNULL = YES;
				CLANG_ANALYZER_NUMBER_OBJECT_CONVERSION = YES_AGGRESSIVE;
				CLANG_CXX_LANGUAGE_STANDARD = "gnu++20";
				CLANG_ENABLE_MODULES = YES;
				CLANG_ENABLE_OBJC_ARC = YES;
				CLANG_ENABLE_OBJC_WEAK = YES;
				CLANG_WARN_BLOCK_CAPTURE_AUTORELEASING = YES;
				CLANG_WARN_BOOL_CONVERSION = YES;
				CLANG_WARN_COMMA = YES;
				CLANG_WARN_CONSTANT_CONVERSION = YES;
				CLANG_WARN_DEPRECATED_OBJC_IMPLEMENTATIONS = YES;
				CLANG_WARN_DIRECT_OBJC_ISA_USAGE = YES_ERROR;
				CLANG_WARN_DOCUMENTATION_COMMENTS = YES;
				CLANG_WARN_EMPTY_BODY = YES;
				CLANG_WARN_ENUM_CONVERSION = YES;
				CLANG_WARN_INFINITE_RECURSION = YES;
				CLANG_WARN_INT_CONVERSION = YES;
				CLANG_WARN_NON_LITERAL_NULL_CONVERSION = YES;
				CLANG_WARN_OBJC_IMPLICIT_RETAIN_SELF = YES;
				CLANG_WARN_OBJC_LITERAL_CONVERSION = YES;
				CLANG_WARN_OBJC_ROOT_CLASS = YES_ERROR;
				CLANG_WARN_QUOTED_INCLUDE_IN_FRAMEWORK_HEADER = YES;
				CLANG_WARN_RANGE_LOOP_ANALYSIS = YES;
				CLANG_WARN_STRICT_PROTOTYPES = YES;
				CLANG_WARN_SUSPICIOUS_MOVE = YES;
				CLANG_WARN_UNGUARDED_AVAILABILITY = YES_AGGRESSIVE;
				CLANG_WARN_UNREACHABLE_CODE = YES;
				CLANG_WARN__DUPLICATE_METHOD_MATCH = YES;
				COPY_PHASE_STRIP = NO;
				DEBUG_INFORMATION_FORMAT = dwarf;
				ENABLE_STRICT_OBJC_MSGSEND = YES;
				ENABLE_TESTABILITY = YES;
				GCC_C_LANGUAGE_STANDARD = gnu11;
				GCC_DYNAMIC_NO_PIC = NO;
				GCC_NO_COMMON_BLOCKS = YES;
				GCC_OPTIMIZATION_LEVEL = 0;
				GCC_PREPROCESSOR_DEFINITIONS = (
					"DEBUG=1",
					"$(inherited)",
				);
				GCC_WARN_64_TO_32_BIT_CONVERSION = YES;
				GCC_WARN_ABOUT_RETURN_TYPE = YES_ERROR;
				GCC_WARN_UNDECLARED_SELECTOR = YES;
				GCC_WARN_UNINITIALIZED_AUTOS = YES_AGGRESSIVE;
				GCC_WARN_UNUSED_FUNCTION = YES;
				GCC_WARN_UNUSED_VARIABLE = YES;
				IPHONEOS_DEPLOYMENT_TARGET = 16.1;
				MTL_ENABLE_DEBUG_INFO = INCLUDE_SOURCE;
				MTL_FAST_MATH = YES;
				ONLY_ACTIVE_ARCH = YES;
				SDKROOT = iphoneos;
				SWIFT_ACTIVE_COMPILATION_CONDITIONS = DEBUG;
				SWIFT_OPTIMIZATION_LEVEL = "-Onone";
			};
			name = Debug;
		};
		A758E66D29491E7300C269DD /* Release */ = {
			isa = XCBuildConfiguration;
			buildSettings = {
				ALWAYS_SEARCH_USER_PATHS = NO;
				CLANG_ANALYZER_NONNULL = YES;
				CLANG_ANALYZER_NUMBER_OBJECT_CONVERSION = YES_AGGRESSIVE;
				CLANG_CXX_LANGUAGE_STANDARD = "gnu++20";
				CLANG_ENABLE_MODULES = YES;
				CLANG_ENABLE_OBJC_ARC = YES;
				CLANG_ENABLE_OBJC_WEAK = YES;
				CLANG_WARN_BLOCK_CAPTURE_AUTORELEASING = YES;
				CLANG_WARN_BOOL_CONVERSION = YES;
				CLANG_WARN_COMMA = YES;
				CLANG_WARN_CONSTANT_CONVERSION = YES;
				CLANG_WARN_DEPRECATED_OBJC_IMPLEMENTATIONS = YES;
				CLANG_WARN_DIRECT_OBJC_ISA_USAGE = YES_ERROR;
				CLANG_WARN_DOCUMENTATION_COMMENTS = YES;
				CLANG_WARN_EMPTY_BODY = YES;
				CLANG_WARN_ENUM_CONVERSION = YES;
				CLANG_WARN_INFINITE_RECURSION = YES;
				CLANG_WARN_INT_CONVERSION = YES;
				CLANG_WARN_NON_LITERAL_NULL_CONVERSION = YES;
				CLANG_WARN_OBJC_IMPLICIT_RETAIN_SELF = YES;
				CLANG_WARN_OBJC_LITERAL_CONVERSION = YES;
				CLANG_WARN_OBJC_ROOT_CLASS = YES_ERROR;
				CLANG_WARN_QUOTED_INCLUDE_IN_FRAMEWORK_HEADER = YES;
				CLANG_WARN_RANGE_LOOP_ANALYSIS = YES;
				CLANG_WARN_STRICT_PROTOTYPES = YES;
				CLANG_WARN_SUSPICIOUS_MOVE = YES;
				CLANG_WARN_UNGUARDED_AVAILABILITY = YES_AGGRESSIVE;
				CLANG_WARN_UNREACHABLE_CODE = YES;
				CLANG_WARN__DUPLICATE_METHOD_MATCH = YES;
				COPY_PHASE_STRIP = NO;
				DEBUG_INFORMATION_FORMAT = "dwarf-with-dsym";
				ENABLE_NS_ASSERTIONS = NO;
				ENABLE_STRICT_OBJC_MSGSEND = YES;
				GCC_C_LANGUAGE_STANDARD = gnu11;
				GCC_NO_COMMON_BLOCKS = YES;
				GCC_WARN_64_TO_32_BIT_CONVERSION = YES;
				GCC_WARN_ABOUT_RETURN_TYPE = YES_ERROR;
				GCC_WARN_UNDECLARED_SELECTOR = YES;
				GCC_WARN_UNINITIALIZED_AUTOS = YES_AGGRESSIVE;
				GCC_WARN_UNUSED_FUNCTION = YES;
				GCC_WARN_UNUSED_VARIABLE = YES;
				IPHONEOS_DEPLOYMENT_TARGET = 16.1;
				MTL_ENABLE_DEBUG_INFO = NO;
				MTL_FAST_MATH = YES;
				SDKROOT = iphoneos;
				SWIFT_COMPILATION_MODE = wholemodule;
				SWIFT_OPTIMIZATION_LEVEL = "-O";
				VALIDATE_PRODUCT = YES;
			};
			name = Release;
		};
		A758E66F29491E7300C269DD /* Debug */ = {
			isa = XCBuildConfiguration;
			baseConfigurationReference = 10A3F31058C79D874E76FE0A /* Pods-prawko.debug.xcconfig */;
			buildSettings = {
				ASSETCATALOG_COMPILER_APPICON_NAME = AppIcon;
				ASSETCATALOG_COMPILER_GLOBAL_ACCENT_COLOR_NAME = AccentColor;
				CODE_SIGN_STYLE = Automatic;
				CURRENT_PROJECT_VERSION = 1;
				DEVELOPMENT_ASSET_PATHS = "\"prawko/Preview Content\"";
				DEVELOPMENT_TEAM = JND6WKUXP5;
				ENABLE_PREVIEWS = YES;
				GENERATE_INFOPLIST_FILE = YES;
				INFOPLIST_FILE = prawko/Info.plist;
				INFOPLIST_KEY_LSApplicationCategoryType = "public.app-category.utilities";
				INFOPLIST_KEY_UIApplicationSceneManifest_Generation = YES;
				INFOPLIST_KEY_UIApplicationSupportsIndirectInputEvents = YES;
				INFOPLIST_KEY_UILaunchScreen_Generation = YES;
				INFOPLIST_KEY_UISupportedInterfaceOrientations_iPad = "UIInterfaceOrientationPortrait UIInterfaceOrientationPortraitUpsideDown UIInterfaceOrientationLandscapeLeft UIInterfaceOrientationLandscapeRight";
				INFOPLIST_KEY_UISupportedInterfaceOrientations_iPhone = "UIInterfaceOrientationPortrait UIInterfaceOrientationLandscapeLeft UIInterfaceOrientationLandscapeRight";
				LD_RUNPATH_SEARCH_PATHS = (
					"$(inherited)",
					"@executable_path/Frameworks",
				);
				MARKETING_VERSION = 1.0;
				NEW_SETTING = "";
				PRODUCT_BUNDLE_IDENTIFIER = prawko;
				PRODUCT_NAME = "$(TARGET_NAME)";
				SWIFT_EMIT_LOC_STRINGS = YES;
				SWIFT_VERSION = 5.0;
				TARGETED_DEVICE_FAMILY = "1,2";
			};
			name = Debug;
		};
		A758E67029491E7300C269DD /* Release */ = {
			isa = XCBuildConfiguration;
			baseConfigurationReference = 8C907A30438571DD09CEC698 /* Pods-prawko.release.xcconfig */;
			buildSettings = {
				ASSETCATALOG_COMPILER_APPICON_NAME = AppIcon;
				ASSETCATALOG_COMPILER_GLOBAL_ACCENT_COLOR_NAME = AccentColor;
				CODE_SIGN_STYLE = Automatic;
				CURRENT_PROJECT_VERSION = 1;
				DEVELOPMENT_ASSET_PATHS = "\"prawko/Preview Content\"";
				DEVELOPMENT_TEAM = JND6WKUXP5;
				ENABLE_PREVIEWS = YES;
				GENERATE_INFOPLIST_FILE = YES;
				INFOPLIST_FILE = prawko/Info.plist;
				INFOPLIST_KEY_LSApplicationCategoryType = "public.app-category.utilities";
				INFOPLIST_KEY_UIApplicationSceneManifest_Generation = YES;
				INFOPLIST_KEY_UIApplicationSupportsIndirectInputEvents = YES;
				INFOPLIST_KEY_UILaunchScreen_Generation = YES;
				INFOPLIST_KEY_UISupportedInterfaceOrientations_iPad = "UIInterfaceOrientationPortrait UIInterfaceOrientationPortraitUpsideDown UIInterfaceOrientationLandscapeLeft UIInterfaceOrientationLandscapeRight";
				INFOPLIST_KEY_UISupportedInterfaceOrientations_iPhone = "UIInterfaceOrientationPortrait UIInterfaceOrientationLandscapeLeft UIInterfaceOrientationLandscapeRight";
				LD_RUNPATH_SEARCH_PATHS = (
					"$(inherited)",
					"@executable_path/Frameworks",
				);
				MARKETING_VERSION = 1.0;
				NEW_SETTING = "";
				PRODUCT_BUNDLE_IDENTIFIER = prawko;
				PRODUCT_NAME = "$(TARGET_NAME)";
				SWIFT_EMIT_LOC_STRINGS = YES;
				SWIFT_VERSION = 5.0;
				TARGETED_DEVICE_FAMILY = "1,2";
			};
			name = Release;
		};
		A7B07D1B2A52136D0011C351 /* Debug */ = {
			isa = XCBuildConfiguration;
			buildSettings = {
				BUNDLE_LOADER = "$(TEST_HOST)";
				CODE_SIGN_STYLE = Automatic;
				CURRENT_PROJECT_VERSION = 1;
				DEVELOPMENT_TEAM = JND6WKUXP5;
				GENERATE_INFOPLIST_FILE = YES;
				IPHONEOS_DEPLOYMENT_TARGET = 16.2;
				MARKETING_VERSION = 1.0;
				PRODUCT_BUNDLE_IDENTIFIER = "com.klentak.prawko-Tests";
				PRODUCT_NAME = "$(TARGET_NAME)";
				SWIFT_EMIT_LOC_STRINGS = NO;
				SWIFT_VERSION = 5.0;
				TARGETED_DEVICE_FAMILY = "1,2";
				TEST_HOST = "$(BUILT_PRODUCTS_DIR)/prawko.app/$(BUNDLE_EXECUTABLE_FOLDER_PATH)/prawko";
			};
			name = Debug;
		};
		A7B07D1C2A52136D0011C351 /* Release */ = {
			isa = XCBuildConfiguration;
			buildSettings = {
				BUNDLE_LOADER = "$(TEST_HOST)";
				CODE_SIGN_STYLE = Automatic;
				CURRENT_PROJECT_VERSION = 1;
				DEVELOPMENT_TEAM = JND6WKUXP5;
				GENERATE_INFOPLIST_FILE = YES;
				IPHONEOS_DEPLOYMENT_TARGET = 16.2;
				MARKETING_VERSION = 1.0;
				PRODUCT_BUNDLE_IDENTIFIER = "com.klentak.prawko-Tests";
				PRODUCT_NAME = "$(TARGET_NAME)";
				SWIFT_EMIT_LOC_STRINGS = NO;
				SWIFT_VERSION = 5.0;
				TARGETED_DEVICE_FAMILY = "1,2";
				TEST_HOST = "$(BUILT_PRODUCTS_DIR)/prawko.app/$(BUNDLE_EXECUTABLE_FOLDER_PATH)/prawko";
			};
			name = Release;
		};
/* End XCBuildConfiguration section */

/* Begin XCConfigurationList section */
		A758E65B29491E7000C269DD /* Build configuration list for PBXProject "prawko" */ = {
			isa = XCConfigurationList;
			buildConfigurations = (
				A758E66C29491E7300C269DD /* Debug */,
				A758E66D29491E7300C269DD /* Release */,
			);
			defaultConfigurationIsVisible = 0;
			defaultConfigurationName = Release;
		};
		A758E66E29491E7300C269DD /* Build configuration list for PBXNativeTarget "prawko" */ = {
			isa = XCConfigurationList;
			buildConfigurations = (
				A758E66F29491E7300C269DD /* Debug */,
				A758E67029491E7300C269DD /* Release */,
			);
			defaultConfigurationIsVisible = 0;
			defaultConfigurationName = Release;
		};
		A7B07D1D2A52136E0011C351 /* Build configuration list for PBXNativeTarget "prawko_Tests" */ = {
			isa = XCConfigurationList;
			buildConfigurations = (
				A7B07D1B2A52136D0011C351 /* Debug */,
				A7B07D1C2A52136D0011C351 /* Release */,
			);
			defaultConfigurationIsVisible = 0;
			defaultConfigurationName = Release;
		};
/* End XCConfigurationList section */
	};
	rootObject = A758E65829491E7000C269DD /* Project object */;
}
